
Microsoft Visual Studio Solution File, Format Version 12.00
# Visual Studio Version 17
VisualStudioVersion = 17.10.35013.160
MinimumVisualStudioVersion = 10.0.40219.1
Project("{FAE04EC0-301F-11D3-BF4B-00C04F79EFBC}") = "Hackaton", "Hackaton\Hackaton.csproj", "{659CEB30-2A35-45F0-840D-1E90635E22A7}"
EndProject
Global
	GlobalSection(SolutionConfigurationPlatforms) = preSolution
		Debug|Any CPU = Debug|Any CPU
		Release|Any CPU = Release|Any CPU
	EndGlobalSection
	GlobalSection(ProjectConfigurationPlatforms) = postSolution
		{659CEB30-2A35-45F0-840D-1E90635E22A7}.Debug|Any CPU.ActiveCfg = Debug|Any CPU
		{659CEB30-2A35-45F0-840D-1E90635E22A7}.Debug|Any CPU.Build.0 = Debug|Any CPU
		{659CEB30-2A35-45F0-840D-1E90635E22A7}.Release|Any CPU.ActiveCfg = Release|Any CPU
		{659CEB30-2A35-45F0-840D-1E90635E22A7}.Release|Any CPU.Build.0 = Release|Any CPU
	EndGlobalSection
	GlobalSection(SolutionProperties) = preSolution
		HideSolutionNode = FALSE
	EndGlobalSection
	GlobalSection(ExtensibilityGlobals) = postSolution
		SolutionGuid = {DF3941E6-3002-4974-B5E2-22A7FB26C222}
	EndGlobalSection
EndGlobal
